
Microsoft Visual Studio Solution File, Format Version 12.00
# Visual Studio Version 16
VisualStudioVersion = 16.0.30330.147
MinimumVisualStudioVersion = 10.0.40219.1
Project("{FAE04EC0-301F-11D3-BF4B-00C04F79EFBC}") = "rnnoiseApp", "rnnoiseApp\rnnoiseApp.csproj", "{88B0ADE8-64B6-4D61-9D0E-E5E2D3781405}"
EndProject
Global
	GlobalSection(SolutionConfigurationPlatforms) = preSolution
		Debug|Any CPU = Debug|Any CPU
		Release|Any CPU = Release|Any CPU
	EndGlobalSection
	GlobalSection(ProjectConfigurationPlatforms) = postSolution
		{88B0ADE8-64B6-4D61-9D0E-E5E2D3781405}.Debug|Any CPU.ActiveCfg = Debug|Any CPU
		{88B0ADE8-64B6-4D61-9D0E-E5E2D3781405}.Debug|Any CPU.Build.0 = Debug|Any CPU
		{88B0ADE8-64B6-4D61-9D0E-E5E2D3781405}.Release|Any CPU.ActiveCfg = Release|Any CPU
		{88B0ADE8-64B6-4D61-9D0E-E5E2D3781405}.Release|Any CPU.Build.0 = Release|Any CPU
	EndGlobalSection
	GlobalSection(SolutionProperties) = preSolution
		HideSolutionNode = FALSE
	EndGlobalSection
	GlobalSection(ExtensibilityGlobals) = postSolution
		SolutionGuid = {CB3AA6B7-0293-435D-8859-961168E9A778}
	EndGlobalSection
EndGlobal
